
Microsoft Visual Studio Solution File, Format Version 12.00
# Visual Studio 15
VisualStudioVersion = 15.0.27130.2020
MinimumVisualStudioVersion = 10.0.40219.1
Project("{F184B08F-C81C-45F6-A57F-5ABD9991F28F}") = "Lector_XML", "Lector_XML\Lector_XML.vbproj", "{4E0D6F4F-6396-495C-8D76-547CF327B8E8}"
EndProject
Global
	GlobalSection(SolutionConfigurationPlatforms) = preSolution
		Debug|Any CPU = Debug|Any CPU
		Release|Any CPU = Release|Any CPU
	EndGlobalSection
	GlobalSection(ProjectConfigurationPlatforms) = postSolution
		{4E0D6F4F-6396-495C-8D76-547CF327B8E8}.Debug|Any CPU.ActiveCfg = Debug|Any CPU
		{4E0D6F4F-6396-495C-8D76-547CF327B8E8}.Debug|Any CPU.Build.0 = Debug|Any CPU
		{4E0D6F4F-6396-495C-8D76-547CF327B8E8}.Release|Any CPU.ActiveCfg = Release|Any CPU
		{4E0D6F4F-6396-495C-8D76-547CF327B8E8}.Release|Any CPU.Build.0 = Release|Any CPU
	EndGlobalSection
	GlobalSection(SolutionProperties) = preSolution
		HideSolutionNode = FALSE
	EndGlobalSection
	GlobalSection(ExtensibilityGlobals) = postSolution
		SolutionGuid = {A64F1696-A702-4723-8727-602B8C4E2740}
	EndGlobalSection
EndGlobal
